
Microsoft Visual Studio Solution File, Format Version 12.00
# Visual Studio Version 17
VisualStudioVersion = 17.11.35303.130
MinimumVisualStudioVersion = 10.0.40219.1
Project("{9A19103F-16F7-4668-BE54-9A1E7A4F7556}") = "Prod-Prague-Parking", "Prod-Prague-Parking.csproj", "{76FA388B-9B03-4CA8-91C8-05D3278BF2EE}"
EndProject
Project("{FAE04EC0-301F-11D3-BF4B-00C04F79EFBC}") = "PragueParking.Tests", "..\PragueParking.Tests\PragueParking.Tests.csproj", "{55AEF52A-19E8-4977-8621-255196233A97}"
EndProject
Global
	GlobalSection(SolutionConfigurationPlatforms) = preSolution
		Debug|Any CPU = Debug|Any CPU
		Release|Any CPU = Release|Any CPU
	EndGlobalSection
	GlobalSection(ProjectConfigurationPlatforms) = postSolution
		{76FA388B-9B03-4CA8-91C8-05D3278BF2EE}.Debug|Any CPU.ActiveCfg = Debug|Any CPU
		{76FA388B-9B03-4CA8-91C8-05D3278BF2EE}.Debug|Any CPU.Build.0 = Debug|Any CPU
		{76FA388B-9B03-4CA8-91C8-05D3278BF2EE}.Release|Any CPU.ActiveCfg = Release|Any CPU
		{76FA388B-9B03-4CA8-91C8-05D3278BF2EE}.Release|Any CPU.Build.0 = Release|Any CPU
		{55AEF52A-19E8-4977-8621-255196233A97}.Debug|Any CPU.ActiveCfg = Debug|Any CPU
		{55AEF52A-19E8-4977-8621-255196233A97}.Debug|Any CPU.Build.0 = Debug|Any CPU
		{55AEF52A-19E8-4977-8621-255196233A97}.Release|Any CPU.ActiveCfg = Release|Any CPU
		{55AEF52A-19E8-4977-8621-255196233A97}.Release|Any CPU.Build.0 = Release|Any CPU
	EndGlobalSection
	GlobalSection(SolutionProperties) = preSolution
		HideSolutionNode = FALSE
	EndGlobalSection
	GlobalSection(ExtensibilityGlobals) = postSolution
		SolutionGuid = {543B838F-E789-4176-A30D-E8469F58FB11}
	EndGlobalSection
EndGlobal
